
Microsoft Visual Studio Solution File, Format Version 12.00
# Visual Studio 15
VisualStudioVersion = 15.0.28307.102
MinimumVisualStudioVersion = 10.0.40219.1
Project("{9A19103F-16F7-4668-BE54-9A1E7A4F7556}") = "HackerRankPractice", "HackerRankPractice\HackerRankPractice.csproj", "{588217C1-2D96-456E-AD1A-C4618DF29A20}"
EndProject
Project("{9A19103F-16F7-4668-BE54-9A1E7A4F7556}") = "CountingValleys", "CountingValleys\CountingValleys.csproj", "{0E4902CD-AD5D-4F1D-B556-ECDD075D8F21}"
EndProject
Project("{2150E333-8FDC-42A3-9474-1A3956D46DE8}") = "Arrays", "Arrays", "{532C38E6-EE51-4A81-A3B8-4F7B1EB22241}"
EndProject
Project("{9A19103F-16F7-4668-BE54-9A1E7A4F7556}") = "TwoDimensionalArrayDs", "TwoDimensionalArrayDs\TwoDimensionalArrayDs.csproj", "{EF74AEC0-8B9E-48C5-8562-89BB4CC58BA0}"
EndProject
Project("{9A19103F-16F7-4668-BE54-9A1E7A4F7556}") = "RotLeft", "RotLeft\RotLeft.csproj", "{CA4B380B-1C2D-47C0-82BF-122C8E7F5975}"
EndProject
Project("{2150E333-8FDC-42A3-9474-1A3956D46DE8}") = "HashTablesDictionary", "HashTablesDictionary", "{4AAC5441-9A07-4310-BB98-A0BB2CAF6F55}"
EndProject
Project("{9A19103F-16F7-4668-BE54-9A1E7A4F7556}") = "RansomNote", "RansomNote\RansomNote.csproj", "{5F6B20EE-5DC9-478D-86E1-A3FE7BB1D1FB}"
EndProject
Project("{9A19103F-16F7-4668-BE54-9A1E7A4F7556}") = "TwoStrings", "TwoStrings\TwoStrings.csproj", "{9D62A7C3-EC7A-46DD-9A41-31BB988FC69F}"
EndProject
Project("{2150E333-8FDC-42A3-9474-1A3956D46DE8}") = "Sort", "Sort", "{9749666F-0C0D-4AED-ADC4-ED976568BB9B}"
EndProject
Project("{9A19103F-16F7-4668-BE54-9A1E7A4F7556}") = "BubbleSort", "BubbleSort\BubbleSort.csproj", "{50461A74-66E0-465D-A340-65120E0CA002}"
EndProject
Project("{9A19103F-16F7-4668-BE54-9A1E7A4F7556}") = "MarkAndToys", "MarkAndToys\MarkAndToys.csproj", "{8B2BBE7A-46CD-4400-9417-F11A5D7C4772}"
EndProject
Project("{2150E333-8FDC-42A3-9474-1A3956D46DE8}") = "StringTraining", "StringTraining", "{E11DD296-6C34-4B0E-9E15-B245BF94FBC6}"
EndProject
Project("{9A19103F-16F7-4668-BE54-9A1E7A4F7556}") = "MakingAnagram", "MakingAnagram\MakingAnagram.csproj", "{F740AC46-D5F4-4478-B2A6-A2A6829BAB06}"
EndProject
Project("{9A19103F-16F7-4668-BE54-9A1E7A4F7556}") = "AlternatingCharacters", "AlternatingCharacters\AlternatingCharacters.csproj", "{BCC8CA43-BFA0-46D3-A3D0-F1360F631454}"
EndProject
Project("{2150E333-8FDC-42A3-9474-1A3956D46DE8}") = "Greedy", "Greedy", "{C06EFFAE-C02A-4BE2-ABA7-48334CFE6EB4}"
EndProject
Project("{9A19103F-16F7-4668-BE54-9A1E7A4F7556}") = "AbsoluteDifference", "AbsoluteDifference\AbsoluteDifference.csproj", "{9B75FDCB-A943-4F51-9B75-10FD58D8F2F2}"
EndProject
Project("{9A19103F-16F7-4668-BE54-9A1E7A4F7556}") = "LuckBalance", "LuckBalance\LuckBalance.csproj", "{3E3041BD-2261-403D-95CA-9C173ED35DF5}"
EndProject
Project("{2150E333-8FDC-42A3-9474-1A3956D46DE8}") = "Search", "Search", "{B297AB58-8F49-4D70-88E6-C8BBDFD20F9B}"
EndProject
Project("{9A19103F-16F7-4668-BE54-9A1E7A4F7556}") = "IceCreamparlor", "IceCreamparlor\IceCreamparlor.csproj", "{8D5AE1F7-30C9-431A-BB90-533991FA41AF}"
EndProject
Project("{2150E333-8FDC-42A3-9474-1A3956D46DE8}") = "DynamicProgramming", "DynamicProgramming", "{AFDCF31E-1FF7-4F60-9827-675642AE4DBD}"
EndProject
Project("{9A19103F-16F7-4668-BE54-9A1E7A4F7556}") = "MaxArraySum", "MaxArraySum\MaxArraySum.csproj", "{F5E36B54-EC82-476B-A092-CF2301E3CBB5}"
EndProject
Project("{9A19103F-16F7-4668-BE54-9A1E7A4F7556}") = "Abbriviation", "Abbriviation\Abbriviation.csproj", "{6D9E8CA3-736A-4DDE-9044-0CBADAAA506A}"
EndProject
Project("{FAE04EC0-301F-11D3-BF4B-00C04F79EFBC}") = "Candidates", "Candidates\Candidates.csproj", "{0CD132BF-49B5-4467-8F4A-A171D2A4E85E}"
EndProject
Project("{FAE04EC0-301F-11D3-BF4B-00C04F79EFBC}") = "KocSistem", "KocSistem\KocSistem.csproj", "{5EDAA08C-AECA-40B5-9A7D-84DDE89588A3}"
EndProject
Global
	GlobalSection(SolutionConfigurationPlatforms) = preSolution
		Debug|Any CPU = Debug|Any CPU
		Release|Any CPU = Release|Any CPU
	EndGlobalSection
	GlobalSection(ProjectConfigurationPlatforms) = postSolution
		{588217C1-2D96-456E-AD1A-C4618DF29A20}.Debug|Any CPU.ActiveCfg = Debug|Any CPU
		{588217C1-2D96-456E-AD1A-C4618DF29A20}.Debug|Any CPU.Build.0 = Debug|Any CPU
		{588217C1-2D96-456E-AD1A-C4618DF29A20}.Release|Any CPU.ActiveCfg = Release|Any CPU
		{588217C1-2D96-456E-AD1A-C4618DF29A20}.Release|Any CPU.Build.0 = Release|Any CPU
		{0E4902CD-AD5D-4F1D-B556-ECDD075D8F21}.Debug|Any CPU.ActiveCfg = Debug|Any CPU
		{0E4902CD-AD5D-4F1D-B556-ECDD075D8F21}.Debug|Any CPU.Build.0 = Debug|Any CPU
		{0E4902CD-AD5D-4F1D-B556-ECDD075D8F21}.Release|Any CPU.ActiveCfg = Release|Any CPU
		{0E4902CD-AD5D-4F1D-B556-ECDD075D8F21}.Release|Any CPU.Build.0 = Release|Any CPU
		{EF74AEC0-8B9E-48C5-8562-89BB4CC58BA0}.Debug|Any CPU.ActiveCfg = Debug|Any CPU
		{EF74AEC0-8B9E-48C5-8562-89BB4CC58BA0}.Debug|Any CPU.Build.0 = Debug|Any CPU
		{EF74AEC0-8B9E-48C5-8562-89BB4CC58BA0}.Release|Any CPU.ActiveCfg = Release|Any CPU
		{EF74AEC0-8B9E-48C5-8562-89BB4CC58BA0}.Release|Any CPU.Build.0 = Release|Any CPU
		{CA4B380B-1C2D-47C0-82BF-122C8E7F5975}.Debug|Any CPU.ActiveCfg = Debug|Any CPU
		{CA4B380B-1C2D-47C0-82BF-122C8E7F5975}.Debug|Any CPU.Build.0 = Debug|Any CPU
		{CA4B380B-1C2D-47C0-82BF-122C8E7F5975}.Release|Any CPU.ActiveCfg = Release|Any CPU
		{CA4B380B-1C2D-47C0-82BF-122C8E7F5975}.Release|Any CPU.Build.0 = Release|Any CPU
		{5F6B20EE-5DC9-478D-86E1-A3FE7BB1D1FB}.Debug|Any CPU.ActiveCfg = Debug|Any CPU
		{5F6B20EE-5DC9-478D-86E1-A3FE7BB1D1FB}.Debug|Any CPU.Build.0 = Debug|Any CPU
		{5F6B20EE-5DC9-478D-86E1-A3FE7BB1D1FB}.Release|Any CPU.ActiveCfg = Release|Any CPU
		{5F6B20EE-5DC9-478D-86E1-A3FE7BB1D1FB}.Release|Any CPU.Build.0 = Release|Any CPU
		{9D62A7C3-EC7A-46DD-9A41-31BB988FC69F}.Debug|Any CPU.ActiveCfg = Debug|Any CPU
		{9D62A7C3-EC7A-46DD-9A41-31BB988FC69F}.Debug|Any CPU.Build.0 = Debug|Any CPU
		{9D62A7C3-EC7A-46DD-9A41-31BB988FC69F}.Release|Any CPU.ActiveCfg = Release|Any CPU
		{9D62A7C3-EC7A-46DD-9A41-31BB988FC69F}.Release|Any CPU.Build.0 = Release|Any CPU
		{50461A74-66E0-465D-A340-65120E0CA002}.Debug|Any CPU.ActiveCfg = Debug|Any CPU
		{50461A74-66E0-465D-A340-65120E0CA002}.Debug|Any CPU.Build.0 = Debug|Any CPU
		{50461A74-66E0-465D-A340-65120E0CA002}.Release|Any CPU.ActiveCfg = Release|Any CPU
		{50461A74-66E0-465D-A340-65120E0CA002}.Release|Any CPU.Build.0 = Release|Any CPU
		{8B2BBE7A-46CD-4400-9417-F11A5D7C4772}.Debug|Any CPU.ActiveCfg = Debug|Any CPU
		{8B2BBE7A-46CD-4400-9417-F11A5D7C4772}.Debug|Any CPU.Build.0 = Debug|Any CPU
		{8B2BBE7A-46CD-4400-9417-F11A5D7C4772}.Release|Any CPU.ActiveCfg = Release|Any CPU
		{8B2BBE7A-46CD-4400-9417-F11A5D7C4772}.Release|Any CPU.Build.0 = Release|Any CPU
		{F740AC46-D5F4-4478-B2A6-A2A6829BAB06}.Debug|Any CPU.ActiveCfg = Debug|Any CPU
		{F740AC46-D5F4-4478-B2A6-A2A6829BAB06}.Debug|Any CPU.Build.0 = Debug|Any CPU
		{F740AC46-D5F4-4478-B2A6-A2A6829BAB06}.Release|Any CPU.ActiveCfg = Release|Any CPU
		{F740AC46-D5F4-4478-B2A6-A2A6829BAB06}.Release|Any CPU.Build.0 = Release|Any CPU
		{BCC8CA43-BFA0-46D3-A3D0-F1360F631454}.Debug|Any CPU.ActiveCfg = Debug|Any CPU
		{BCC8CA43-BFA0-46D3-A3D0-F1360F631454}.Debug|Any CPU.Build.0 = Debug|Any CPU
		{BCC8CA43-BFA0-46D3-A3D0-F1360F631454}.Release|Any CPU.ActiveCfg = Release|Any CPU
		{BCC8CA43-BFA0-46D3-A3D0-F1360F631454}.Release|Any CPU.Build.0 = Release|Any CPU
		{9B75FDCB-A943-4F51-9B75-10FD58D8F2F2}.Debug|Any CPU.ActiveCfg = Debug|Any CPU
		{9B75FDCB-A943-4F51-9B75-10FD58D8F2F2}.Debug|Any CPU.Build.0 = Debug|Any CPU
		{9B75FDCB-A943-4F51-9B75-10FD58D8F2F2}.Release|Any CPU.ActiveCfg = Release|Any CPU
		{9B75FDCB-A943-4F51-9B75-10FD58D8F2F2}.Release|Any CPU.Build.0 = Release|Any CPU
		{3E3041BD-2261-403D-95CA-9C173ED35DF5}.Debug|Any CPU.ActiveCfg = Debug|Any CPU
		{3E3041BD-2261-403D-95CA-9C173ED35DF5}.Debug|Any CPU.Build.0 = Debug|Any CPU
		{3E3041BD-2261-403D-95CA-9C173ED35DF5}.Release|Any CPU.ActiveCfg = Release|Any CPU
		{3E3041BD-2261-403D-95CA-9C173ED35DF5}.Release|Any CPU.Build.0 = Release|Any CPU
		{8D5AE1F7-30C9-431A-BB90-533991FA41AF}.Debug|Any CPU.ActiveCfg = Debug|Any CPU
		{8D5AE1F7-30C9-431A-BB90-533991FA41AF}.Debug|Any CPU.Build.0 = Debug|Any CPU
		{8D5AE1F7-30C9-431A-BB90-533991FA41AF}.Release|Any CPU.ActiveCfg = Release|Any CPU
		{8D5AE1F7-30C9-431A-BB90-533991FA41AF}.Release|Any CPU.Build.0 = Release|Any CPU
		{F5E36B54-EC82-476B-A092-CF2301E3CBB5}.Debug|Any CPU.ActiveCfg = Debug|Any CPU
		{F5E36B54-EC82-476B-A092-CF2301E3CBB5}.Debug|Any CPU.Build.0 = Debug|Any CPU
		{F5E36B54-EC82-476B-A092-CF2301E3CBB5}.Release|Any CPU.ActiveCfg = Release|Any CPU
		{F5E36B54-EC82-476B-A092-CF2301E3CBB5}.Release|Any CPU.Build.0 = Release|Any CPU
		{6D9E8CA3-736A-4DDE-9044-0CBADAAA506A}.Debug|Any CPU.ActiveCfg = Debug|Any CPU
		{6D9E8CA3-736A-4DDE-9044-0CBADAAA506A}.Debug|Any CPU.Build.0 = Debug|Any CPU
		{6D9E8CA3-736A-4DDE-9044-0CBADAAA506A}.Release|Any CPU.ActiveCfg = Release|Any CPU
		{6D9E8CA3-736A-4DDE-9044-0CBADAAA506A}.Release|Any CPU.Build.0 = Release|Any CPU
		{0CD132BF-49B5-4467-8F4A-A171D2A4E85E}.Debug|Any CPU.ActiveCfg = Debug|Any CPU
		{0CD132BF-49B5-4467-8F4A-A171D2A4E85E}.Debug|Any CPU.Build.0 = Debug|Any CPU
		{0CD132BF-49B5-4467-8F4A-A171D2A4E85E}.Release|Any CPU.ActiveCfg = Release|Any CPU
		{0CD132BF-49B5-4467-8F4A-A171D2A4E85E}.Release|Any CPU.Build.0 = Release|Any CPU
		{5EDAA08C-AECA-40B5-9A7D-84DDE89588A3}.Debug|Any CPU.ActiveCfg = Debug|Any CPU
		{5EDAA08C-AECA-40B5-9A7D-84DDE89588A3}.Debug|Any CPU.Build.0 = Debug|Any CPU
		{5EDAA08C-AECA-40B5-9A7D-84DDE89588A3}.Release|Any CPU.ActiveCfg = Release|Any CPU
		{5EDAA08C-AECA-40B5-9A7D-84DDE89588A3}.Release|Any CPU.Build.0 = Release|Any CPU
	EndGlobalSection
	GlobalSection(SolutionProperties) = preSolution
		HideSolutionNode = FALSE
	EndGlobalSection
	GlobalSection(NestedProjects) = preSolution
		{EF74AEC0-8B9E-48C5-8562-89BB4CC58BA0} = {532C38E6-EE51-4A81-A3B8-4F7B1EB22241}
		{CA4B380B-1C2D-47C0-82BF-122C8E7F5975} = {532C38E6-EE51-4A81-A3B8-4F7B1EB22241}
		{5F6B20EE-5DC9-478D-86E1-A3FE7BB1D1FB} = {4AAC5441-9A07-4310-BB98-A0BB2CAF6F55}
		{9D62A7C3-EC7A-46DD-9A41-31BB988FC69F} = {4AAC5441-9A07-4310-BB98-A0BB2CAF6F55}
		{50461A74-66E0-465D-A340-65120E0CA002} = {9749666F-0C0D-4AED-ADC4-ED976568BB9B}
		{8B2BBE7A-46CD-4400-9417-F11A5D7C4772} = {9749666F-0C0D-4AED-ADC4-ED976568BB9B}
		{F740AC46-D5F4-4478-B2A6-A2A6829BAB06} = {E11DD296-6C34-4B0E-9E15-B245BF94FBC6}
		{BCC8CA43-BFA0-46D3-A3D0-F1360F631454} = {E11DD296-6C34-4B0E-9E15-B245BF94FBC6}
		{9B75FDCB-A943-4F51-9B75-10FD58D8F2F2} = {C06EFFAE-C02A-4BE2-ABA7-48334CFE6EB4}
		{3E3041BD-2261-403D-95CA-9C173ED35DF5} = {C06EFFAE-C02A-4BE2-ABA7-48334CFE6EB4}
		{8D5AE1F7-30C9-431A-BB90-533991FA41AF} = {B297AB58-8F49-4D70-88E6-C8BBDFD20F9B}
		{F5E36B54-EC82-476B-A092-CF2301E3CBB5} = {AFDCF31E-1FF7-4F60-9827-675642AE4DBD}
		{6D9E8CA3-736A-4DDE-9044-0CBADAAA506A} = {AFDCF31E-1FF7-4F60-9827-675642AE4DBD}
		{0CD132BF-49B5-4467-8F4A-A171D2A4E85E} = {AFDCF31E-1FF7-4F60-9827-675642AE4DBD}
	EndGlobalSection
	GlobalSection(ExtensibilityGlobals) = postSolution
		SolutionGuid = {EF9EEC21-57D6-4C8F-934A-1E37D07E5D18}
	EndGlobalSection
EndGlobal
